
Microsoft Visual Studio Solution File, Format Version 12.00
# Visual Studio 2015
Project("{FAE04EC0-301F-11D3-BF4B-00C04F79EFBC}") = "ProjectFiles.CSharp.Plugins", "ProjectFiles.CSharp.Plugins.csproj", "{3BEF80F5-5EDD-F27E-C3D8-440AF90D391A}"
EndProject
Project("{FAE04EC0-301F-11D3-BF4B-00C04F79EFBC}") = "ProjectFiles.CSharp", "ProjectFiles.CSharp.csproj", "{9BB7C5FE-1B2A-906F-3113-D44FBF522823}"
EndProject
Project("{FAE04EC0-301F-11D3-BF4B-00C04F79EFBC}") = "ProjectFiles.CSharp.Editor", "ProjectFiles.CSharp.Editor.csproj", "{97FFB32E-2824-571E-394E-4498542A6D5F}"
EndProject
Global
	GlobalSection(SolutionConfigurationPlatforms) = preSolution
		Debug|Any CPU = Debug|Any CPU
		Release|Any CPU = Release|Any CPU
	EndGlobalSection
	GlobalSection(ProjectConfigurationPlatforms) = postSolution
		{3BEF80F5-5EDD-F27E-C3D8-440AF90D391A}.Debug|Any CPU.ActiveCfg = Debug|Any CPU
		{3BEF80F5-5EDD-F27E-C3D8-440AF90D391A}.Debug|Any CPU.Build.0 = Debug|Any CPU
		{3BEF80F5-5EDD-F27E-C3D8-440AF90D391A}.Release|Any CPU.ActiveCfg = Release|Any CPU
		{3BEF80F5-5EDD-F27E-C3D8-440AF90D391A}.Release|Any CPU.Build.0 = Release|Any CPU
		{9BB7C5FE-1B2A-906F-3113-D44FBF522823}.Debug|Any CPU.ActiveCfg = Debug|Any CPU
		{9BB7C5FE-1B2A-906F-3113-D44FBF522823}.Debug|Any CPU.Build.0 = Debug|Any CPU
		{9BB7C5FE-1B2A-906F-3113-D44FBF522823}.Release|Any CPU.ActiveCfg = Release|Any CPU
		{9BB7C5FE-1B2A-906F-3113-D44FBF522823}.Release|Any CPU.Build.0 = Release|Any CPU
		{97FFB32E-2824-571E-394E-4498542A6D5F}.Debug|Any CPU.ActiveCfg = Debug|Any CPU
		{97FFB32E-2824-571E-394E-4498542A6D5F}.Debug|Any CPU.Build.0 = Debug|Any CPU
		{97FFB32E-2824-571E-394E-4498542A6D5F}.Release|Any CPU.ActiveCfg = Release|Any CPU
		{97FFB32E-2824-571E-394E-4498542A6D5F}.Release|Any CPU.Build.0 = Release|Any CPU
	EndGlobalSection
	GlobalSection(SolutionProperties) = preSolution
		HideSolutionNode = FALSE
	EndGlobalSection
EndGlobal
