
Microsoft Visual Studio Solution File, Format Version 12.00
# Visual Studio 2013
Project("{FAE04EC0-301F-11D3-BF4B-00C04F79EFBC}") = "UnityVS.ProjectFiles.CSharp.Editor", "UnityVS.ProjectFiles.CSharp.Editor.csproj", "{5E9F333D-0625-430B-5164-757DAF0FBFF4}"
EndProject
Project("{FAE04EC0-301F-11D3-BF4B-00C04F79EFBC}") = "UnityVS.ProjectFiles.CSharp", "UnityVS.ProjectFiles.CSharp.csproj", "{4BA64BF5-A6D8-EA60-3E36-6E4ADD4382B1}"
EndProject
Project("{FAE04EC0-301F-11D3-BF4B-00C04F79EFBC}") = "UnityVS.ProjectFiles.CSharp.Plugins", "UnityVS.ProjectFiles.CSharp.Plugins.csproj", "{4936201D-87D8-0708-FC68-9DEEA5F5166E}"
EndProject
Global
	GlobalSection(SolutionConfigurationPlatforms) = preSolution
		Debug|Any CPU = Debug|Any CPU
		Release|Any CPU = Release|Any CPU
	EndGlobalSection
	GlobalSection(ProjectConfigurationPlatforms) = postSolution
		{5E9F333D-0625-430B-5164-757DAF0FBFF4}.Debug|Any CPU.ActiveCfg = Debug|Any CPU
		{5E9F333D-0625-430B-5164-757DAF0FBFF4}.Debug|Any CPU.Build.0 = Debug|Any CPU
		{5E9F333D-0625-430B-5164-757DAF0FBFF4}.Release|Any CPU.ActiveCfg = Release|Any CPU
		{5E9F333D-0625-430B-5164-757DAF0FBFF4}.Release|Any CPU.Build.0 = Release|Any CPU
		{4BA64BF5-A6D8-EA60-3E36-6E4ADD4382B1}.Debug|Any CPU.ActiveCfg = Debug|Any CPU
		{4BA64BF5-A6D8-EA60-3E36-6E4ADD4382B1}.Debug|Any CPU.Build.0 = Debug|Any CPU
		{4BA64BF5-A6D8-EA60-3E36-6E4ADD4382B1}.Release|Any CPU.ActiveCfg = Release|Any CPU
		{4BA64BF5-A6D8-EA60-3E36-6E4ADD4382B1}.Release|Any CPU.Build.0 = Release|Any CPU
		{4936201D-87D8-0708-FC68-9DEEA5F5166E}.Debug|Any CPU.ActiveCfg = Debug|Any CPU
		{4936201D-87D8-0708-FC68-9DEEA5F5166E}.Debug|Any CPU.Build.0 = Debug|Any CPU
		{4936201D-87D8-0708-FC68-9DEEA5F5166E}.Release|Any CPU.ActiveCfg = Release|Any CPU
		{4936201D-87D8-0708-FC68-9DEEA5F5166E}.Release|Any CPU.Build.0 = Release|Any CPU
	EndGlobalSection
	GlobalSection(SolutionProperties) = preSolution
		HideSolutionNode = FALSE
	EndGlobalSection
EndGlobal
